Microsoft Visual Studio Solution File, Format Version 12.00
# Visual Studio Version 17
VisualStudioVersion = 17.5.2.0
MinimumVisualStudioVersion = 10.0.40219.1
Project("{FAE04EC0-301F-11D3-BF4B-00C04F79EFBC}") = "LargestNumberFinder", "LargestNumberFinder.csproj", "{DA6E7794-4DB9-85E5-B144-98500D82989B}"
EndProject
Global
	GlobalSection(SolutionConfigurationPlatforms) = preSolution
		Debug|Any CPU = Debug|Any CPU
		Release|Any CPU = Release|Any CPU
	EndGlobalSection
	GlobalSection(ProjectConfigurationPlatforms) = postSolution
		{DA6E7794-4DB9-85E5-B144-98500D82989B}.Debug|Any CPU.ActiveCfg = Debug|Any CPU
		{DA6E7794-4DB9-85E5-B144-98500D82989B}.Debug|Any CPU.Build.0 = Debug|Any CPU
		{DA6E7794-4DB9-85E5-B144-98500D82989B}.Release|Any CPU.ActiveCfg = Release|Any CPU
		{DA6E7794-4DB9-85E5-B144-98500D82989B}.Release|Any CPU.Build.0 = Release|Any CPU
	EndGlobalSection
	GlobalSection(SolutionProperties) = preSolution
		HideSolutionNode = FALSE
	EndGlobalSection
	GlobalSection(ExtensibilityGlobals) = postSolution
		SolutionGuid = {4528BD89-1315-47F6-8A71-A682325B125F}
	EndGlobalSection
EndGlobal
